#MicroXplorer Configuration settings - do not modify
Mcu.Family=STM32F4
ProjectManager.MainLocation=Core/Src
PCC.Series=STM32F4
PH0-OSC_IN.Locked=true
PH0-OSC_IN.Signal=RCC_OSC_IN
PF10.GPIO_ModeDefaultOutputPP=GPIO_MODE_OUTPUT_OD
RCC.CortexFreq_Value=16000000
RTC.Alarm=RTC_ALARM_A
ProjectManager.TemplateDestinationPath=/Users/el314/STM32CubeIDE/workspace_1.5.1/TimeBox
ProjectManager.KeepUserCode=true
Mcu.UserName=STM32F407ZETx
PCC.Seq0.Step0.CPU_Frequency=2 MHz
USART1.BaudRate=9600
PCC.Seq0.Step0.User's_Consumption=0 mA
RCC.PLLCLKFreq_Value=144000000
RCC.PLLQCLKFreq_Value=144000000
ProjectManager.functionlistsort=1-MX_GPIO_Init-GPIO-false-HAL-true,2-SystemClock_Config-RCC-false-HAL-false,3-MX_RTC_Init-RTC-false-HAL-true,4-MX_USART1_UART_Init-USART1-false-HAL-true
NVIC.EXTI3_IRQn=true\:2\:0\:true\:false\:true\:true\:true
VP_RTC_VS_RTC_Activate.Mode=RTC_Enabled
RTC.WeekDay=RTC_WEEKDAY_WEDNESDAY
RCC.RTCFreq_Value=32768
VP_RTC_VS_RTC_Calendar.Signal=RTC_VS_RTC_Calendar
USART1.IPParameters=VirtualMode,BaudRate
PCC.Seq0.Step1.Duration=0.9 ms
ProjectManager.TemplateSourcePath=/private/var/folders/wd/061mr3417f90149h10prf5580000gn/T/AppTranslocation/7AE93E55-519B-4DC0-A9B6-6D86A7677D74/d/STM32CubeIDE.app/Contents/Eclipse/plugins/com.st.stm32cube.common.mx_6.1.1.202012091304/db/extra_templates
PinOutPanel.RotationAngle=0
VP_RTC_VS_RTC_Alarm_A_Intern.Mode=Alarm A
ProjectManager.StackSize=0x400
Mcu.IP4=USART1
RCC.FCLKCortexFreq_Value=16000000
NVIC.SVCall_IRQn=true\:0\:0\:false\:false\:true\:false\:false
Mcu.IP2=RTC
PCC.Seq0.Step1.Oscillator=Regulator_LP Flash-PwrDwn
Mcu.IP3=SYS
Mcu.IP0=NVIC
Mcu.IP1=RCC
PE4.GPIOParameters=GPIO_PuPd,GPIO_Label
SH.GPXTI3.ConfNb=1
PCC.PartNumber=STM32F407ZETx
PF9.Locked=true
Mcu.UserConstants=
Mcu.ThirdPartyNb=0
RCC.HCLKFreq_Value=16000000
Mcu.IPNb=5
RCC.I2SClocksFreq_Value=384000000
ProjectManager.PreviousToolchain=
RCC.APB2TimFreq_Value=16000000
RCC.VcooutputI2S=384000000
PCC.Seq0.Step1.TaMax=104.96
PB12.PinState=GPIO_PIN_SET
RTC.IPParameters=Date,Hours,Minutes,WeekDay,Month,Year,Alarm
Mcu.Pin6=PH0-OSC_IN
Mcu.Pin7=PH1-OSC_OUT
Mcu.Pin8=PB12
Mcu.Pin9=PA9
PCC.Seq0.Step1.Category=In DS Table
PF10.GPIO_Label=LED1
RCC.AHBFreq_Value=16000000
Mcu.Pin0=PE3
Mcu.Pin1=PE4
GPIO.groupedBy=Group By Peripherals
Mcu.Pin2=PC14-OSC32_IN
Mcu.Pin3=PC15-OSC32_OUT
Mcu.Pin4=PF9
Mcu.Pin5=PF10
ProjectManager.ProjectBuild=false
RCC.HSE_VALUE=8000000
RTC.Minutes=57
NVIC.UsageFault_IRQn=true\:0\:0\:false\:false\:true\:false\:false
NVIC.DebugMonitor_IRQn=true\:0\:0\:false\:false\:true\:false\:false
PCC.Seq0.Step1.Vdd=3.3
PB12.GPIO_ModeDefaultOutputPP=GPIO_MODE_OUTPUT_OD
PCC.Seq0.Step0.Voltage_Source=Battery
PCC.Seq0.Step0.DMIPS=2.5
NVIC.SysTick_IRQn=true\:0\:0\:false\:false\:true\:false\:true
PB12.GPIO_Label=OpenDoor
ProjectManager.FirmwarePackage=STM32Cube FW_F4 V1.26.0
MxDb.Version=DB.6.0.20
RTC.Month=RTC_MONTH_FEBRUARY
ProjectManager.BackupPrevious=true
PC14-OSC32_IN.Mode=LSE-External-Oscillator
RCC.VCOInputFreq_Value=4000000
PA14.Mode=Serial_Wire
File.Version=6
PE4.GPIO_Label=KEY0
PF10.Locked=true
PE3.GPIOParameters=GPIO_PuPd,GPIO_Label
PH1-OSC_OUT.Locked=true
PE3.Locked=true
NVIC.PendSV_IRQn=true\:0\:0\:false\:false\:true\:false\:false
PE4.Signal=GPXTI4
ProjectManager.HalAssertFull=false
ProjectManager.ProjectName=TimeBox
RCC.MCO2PinFreq_Value=16000000
PCC.Seq0.Step0.Oscillator=HSE
Mcu.Package=LQFP144
ProjectManager.ToolChainLocation=
RCC.LSI_VALUE=32000
PCC.Seq0.Step1.Average_Current=280 \u00B5A
VP_SYS_VS_Systick.Signal=SYS_VS_Systick
PA10.Signal=USART1_RX
VP_RTC_VS_RTC_Calendar.Mode=RTC_Calendar
PCC.Checker=false
PCC.Seq0.Step0.Duration=0.1 ms
PCC.Seq0.Step1.DMIPS=0.0
RCC.APB1TimFreq_Value=16000000
NVIC.BusFault_IRQn=true\:0\:0\:false\:false\:true\:false\:false
PCC.Seq0.Step0.Peripherals=RTC
NVIC.USART1_IRQn=true\:0\:0\:false\:false\:true\:true\:true
PCC.Seq0.Step1.Mode=STOP
ProjectManager.CustomerFirmwarePackage=
PC14-OSC32_IN.Locked=true
RTC.IPParametersWithoutCheck=Hours,Minutes
PCC.Seq0.Step1.CPU_Frequency=0 Hz
PCC.Seq0.Step1.Memory=n/a
VP_RTC_VS_RTC_Activate.Signal=RTC_VS_RTC_Activate
PCC.Seq0.Step0.Category=In DS Table
PC15-OSC32_OUT.Mode=LSE-External-Oscillator
NVIC.EXTI4_IRQn=true\:2\:0\:true\:false\:true\:true\:true
ProjectManager.ProjectFileName=TimeBox.ioc
PA10.Mode=Asynchronous
Mcu.PinsNb=17
PCC.Seq0.Step0.Average_Current=2 mA
PCC.Vdd=3.3
ProjectManager.NoMain=false
ProjectManager.DefaultFWLocation=true
PB12.Locked=true
ProjectManager.DeletePrevious=true
PCC.Line=STM32F407/417
PC14-OSC32_IN.Signal=RCC_OSC32_IN
RCC.FamilyName=M
PA13.Signal=SYS_JTMS-SWDIO
PCC.Seq0.Step0.TaMax=104.74
PCC.MCU=STM32F407Z(E-G)Tx
PA9.Mode=Asynchronous
PC15-OSC32_OUT.Locked=true
ProjectManager.TargetToolchain=STM32CubeIDE
RTC.Year=21
PCC.Seq0.Step1.User's_Consumption=0 mA
PCC.Seq0.Step0.Mode=RUN
PA9.Signal=USART1_TX
PE4.Locked=true
ProjectManager.RegisterCallBack=RTC
PF9.GPIO_Label=LED0
PC15-OSC32_OUT.Signal=RCC_OSC32_OUT
RCC.VCOI2SOutputFreq_Value=768000000
board=custom
PCC.Temperature=25
SH.GPXTI3.0=GPIO_EXTI3
RCC.VCOOutputFreq_Value=288000000
ProjectManager.LastFirmware=true
RCC.APB2Freq_Value=16000000
PCC.Seq0.Step0.Frequency=2 MHz
PCC.Seq0.Step0.Vcore=Scale2-Medium
MxCube.Version=6.2.0
PF10.Signal=GPIO_Output
VP_SYS_VS_Systick.Mode=SysTick
RCC.EthernetFreq_Value=16000000
PE3.GPIO_PuPd=GPIO_PULLUP
PH1-OSC_OUT.Signal=RCC_OSC_OUT
RCC.RCC_RTC_Clock_SourceVirtual=RCC_RTCCLKSOURCE_LSE
NVIC.NonMaskableInt_IRQn=true\:0\:0\:false\:false\:true\:false\:false
PA13.Mode=Serial_Wire
ProjectManager.FreePins=false
NVIC.RTC_Alarm_IRQn=true\:0\:0\:false\:false\:true\:true\:true
RCC.IPParameters=48MHZClocksFreq_Value,AHBFreq_Value,APB1Freq_Value,APB1TimFreq_Value,APB2Freq_Value,APB2TimFreq_Value,CortexFreq_Value,EthernetFreq_Value,FCLKCortexFreq_Value,FamilyName,HCLKFreq_Value,HSE_VALUE,HSI_VALUE,I2SClocksFreq_Value,LSI_VALUE,MCO2PinFreq_Value,PLLCLKFreq_Value,PLLM,PLLN,PLLQ,PLLQCLKFreq_Value,RCC_RTC_Clock_SourceVirtual,RTCFreq_Value,RTCHSEDivFreq_Value,SYSCLKFreq_VALUE,VCOI2SOutputFreq_Value,VCOInputFreq_Value,VCOOutputFreq_Value,VcooutputI2S
ProjectManager.AskForMigrate=true
Mcu.Name=STM32F407Z(E-G)Tx
PF9.GPIOParameters=GPIO_Label,GPIO_ModeDefaultOutputPP
RCC.RTCHSEDivFreq_Value=4000000
ProjectManager.UnderRoot=true
PE4.GPIO_PuPd=GPIO_PULLUP
ProjectManager.CoupleFile=false
RCC.48MHZClocksFreq_Value=144000000
PCC.Seq0.Step0.Memory=FLASH
RCC.SYSCLKFreq_VALUE=16000000
RTC.Hours=1
SH.GPXTI4.0=GPIO_EXTI4
NVIC.ForceEnableDMAVector=false
KeepUserPlacement=false
NVIC.MemoryManagement_IRQn=true\:0\:0\:false\:false\:true\:false\:false
VP_RTC_VS_RTC_Alarm_A_Intern.Signal=RTC_VS_RTC_Alarm_A_Intern
USART1.VirtualMode=VM_ASYNC
ProjectManager.CompilerOptimize=6
PA14.Signal=SYS_JTCK-SWCLK
ProjectManager.HeapSize=0x200
Mcu.Pin15=VP_RTC_VS_RTC_Alarm_A_Intern
NVIC.HardFault_IRQn=true\:0\:0\:false\:false\:true\:false\:false
Mcu.Pin16=VP_SYS_VS_Systick
SH.GPXTI4.ConfNb=1
Mcu.Pin13=VP_RTC_VS_RTC_Activate
Mcu.Pin14=VP_RTC_VS_RTC_Calendar
PF10.GPIOParameters=GPIO_Label,GPIO_ModeDefaultOutputPP
ProjectManager.ComputerToolchain=false
PF9.Signal=GPIO_Output
RCC.HSI_VALUE=16000000
PCC.Seq0.Step1.Frequency=0 Hz
PF9.GPIO_ModeDefaultOutputPP=GPIO_MODE_OUTPUT_OD
RCC.PLLQ=2
NVIC.PriorityGroup=NVIC_PRIORITYGROUP_4
Mcu.Pin11=PA13
Mcu.Pin12=PA14
RCC.PLLM=4
RCC.PLLN=72
Mcu.Pin10=PA10
PCC.Seq0.Step1.Peripherals=
PE3.Signal=GPXTI3
PE3.GPIO_Label=KEY1
PCC.Seq0.Step1.Vcore=No Scale
PCC.Seq0.Step1.Voltage_Source=Battery
PCC.Seq0.Step0.Vdd=3.3
PCC.Seq0=2
RCC.APB1Freq_Value=16000000
RTC.Date=10
ProjectManager.DeviceId=STM32F407ZETx
PB12.GPIOParameters=PinState,GPIO_Label,GPIO_ModeDefaultOutputPP
PB12.Signal=GPIO_Output
ProjectManager.LibraryCopy=1
isbadioc=false
